hash: fce46e448f94f6236949703acef0d08bb819649fc0d1694e6d51077fe3c654ba
updated: 2018-07-14T17:02:52.839872-04:00
imports:
- name: github.com/garyburd/redigo
  version: a69d19351219b6dd56f274f96d85a7014a2ec34e
  subpackages:
  - internal
  - redis
- name: github.com/go-sql-driver/mysql
  version: d523deb1b23d913de5bdada721a6071e71283618
- name: github.com/gogo/protobuf
  version: 30cf7ac33676b5786e78c746683f0d4cd64fa75b
  subpackages:
  - gogoproto
  - proto
  - protoc-gen-gogo/descriptor
- name: github.com/jinzhu/gorm
  version: 6ed508ec6a4ecb3531899a69cbc746ccf65a4166
- name: github.com/jinzhu/inflection
  version: 04140366298a54a039076d798123ffa108fff46c
- name: github.com/nats-io/go-nats
  version: 062418ea1c2181f52dc0f954f6204370519a868b
  subpackages:
  - encoders/builtin
  - util
- name: github.com/nats-io/go-nats-streaming
  version: e15a53f85e4932540600a16b56f6c4f65f58176f
  subpackages:
  - pb
- name: github.com/nats-io/nuid
  version: 3e58d42c9cfe5cd9429f1a21ad8f35cd859ba829
- name: github.com/streadway/amqp
  version: e5adc2ada8b8efff032bf61173a233d143e9318e
- name: google.golang.org/appengine
  version: b1f26356af11148e710935ed1ac8a7f5702c7612
  subpackages:
  - cloudsql
testImports: []
