hash: a3fee5dcbf07c844ba359878b5a5d2a14a13a7b2fc1602eb9ad3a79b88b42a69
updated: 2018-07-03T23:18:31.356804-04:00
imports:
- name: github.com/garyburd/redigo
  version: a69d19351219b6dd56f274f96d85a7014a2ec34e
  subpackages:
  - internal
  - redis
- name: github.com/go-sql-driver/mysql
  version: d523deb1b23d913de5bdada721a6071e71283618
- name: github.com/gogo/protobuf
  version: 1adfc126b41513cc696b209667c8656ea7aac67c
  subpackages:
  - gogoproto
  - proto
  - protoc-gen-gogo/descriptor
- name: github.com/jinzhu/gorm
  version: 6ed508ec6a4ecb3531899a69cbc746ccf65a4166
- name: github.com/jinzhu/inflection
  version: 1c35d901db3da928c72a72d8458480cc9ade058f
- name: github.com/nats-io/go-nats
  version: 062418ea1c2181f52dc0f954f6204370519a868b
  subpackages:
  - encoders/builtin
  - util
- name: github.com/nats-io/go-nats-streaming
  version: e15a53f85e4932540600a16b56f6c4f65f58176f
  subpackages:
  - pb
- name: github.com/nats-io/nuid
  version: 3e58d42c9cfe5cd9429f1a21ad8f35cd859ba829
- name: github.com/streadway/amqp
  version: e5adc2ada8b8efff032bf61173a233d143e9318e
- name: google.golang.org/appengine
  version: 4f7eeb5305a4ba1966344836ba4af9996b7b4e05
  subpackages:
  - cloudsql
testImports: []
