hash: 6beaa6cfb54d9c91ddabc621bf2237a7d0cb372c1919f80b3acf0af13061737f
updated: 2018-07-01T17:43:47.986655-04:00
imports:
- name: github.com/garyburd/redigo
  version: a69d19351219b6dd56f274f96d85a7014a2ec34e
  subpackages:
  - internal
  - redis
- name: github.com/go-sql-driver/mysql
  version: d523deb1b23d913de5bdada721a6071e71283618
- name: github.com/jinzhu/gorm
  version: 6ed508ec6a4ecb3531899a69cbc746ccf65a4166
- name: github.com/jinzhu/inflection
  version: 1c35d901db3da928c72a72d8458480cc9ade058f
- name: github.com/nats-io/go-nats
  version: 062418ea1c2181f52dc0f954f6204370519a868b
  subpackages:
  - encoders/builtin
  - util
- name: github.com/nats-io/nuid
  version: 3e58d42c9cfe5cd9429f1a21ad8f35cd859ba829
- name: github.com/streadway/amqp
  version: e5adc2ada8b8efff032bf61173a233d143e9318e
- name: google.golang.org/appengine
  version: 4f7eeb5305a4ba1966344836ba4af9996b7b4e05
  subpackages:
  - cloudsql
testImports: []
